
Microsoft Visual Studio Solution File, Format Version 12.00
# Visual Studio 2012
Project("{FAE04EC0-301F-11D3-BF4B-00C04F79EFBC}") = "Ejercicio01", "Ejercicio01\Ejercicio01.csproj", "{D68FFED4-0FB9-4D4A-876B-D16792098DE2}"
EndProject
Project("{FAE04EC0-301F-11D3-BF4B-00C04F79EFBC}") = "Ejercicio09", "Ejercicio09\Ejercicio09.csproj", "{5DD68923-B85E-47FE-90B6-BFE583D194B2}"
EndProject
Global
	GlobalSection(SolutionConfigurationPlatforms) = preSolution
		Debug|Any CPU = Debug|Any CPU
		Release|Any CPU = Release|Any CPU
	EndGlobalSection
	GlobalSection(ProjectConfigurationPlatforms) = postSolution
		{D68FFED4-0FB9-4D4A-876B-D16792098DE2}.Debug|Any CPU.ActiveCfg = Debug|Any CPU
		{D68FFED4-0FB9-4D4A-876B-D16792098DE2}.Debug|Any CPU.Build.0 = Debug|Any CPU
		{D68FFED4-0FB9-4D4A-876B-D16792098DE2}.Release|Any CPU.ActiveCfg = Release|Any CPU
		{D68FFED4-0FB9-4D4A-876B-D16792098DE2}.Release|Any CPU.Build.0 = Release|Any CPU
		{5DD68923-B85E-47FE-90B6-BFE583D194B2}.Debug|Any CPU.ActiveCfg = Debug|Any CPU
		{5DD68923-B85E-47FE-90B6-BFE583D194B2}.Debug|Any CPU.Build.0 = Debug|Any CPU
		{5DD68923-B85E-47FE-90B6-BFE583D194B2}.Release|Any CPU.ActiveCfg = Release|Any CPU
		{5DD68923-B85E-47FE-90B6-BFE583D194B2}.Release|Any CPU.Build.0 = Release|Any CPU
	EndGlobalSection
	GlobalSection(SolutionProperties) = preSolution
		HideSolutionNode = FALSE
	EndGlobalSection
EndGlobal
